lockfileVersion: '9.0'
importers:
  .: {}
  apps/web:
    dependencies:
      react:
        specifier: ^18.2.0
        version: 18.2.0
  packages/ui:
    dependencies:
      react:
        specifier: ^18.2.0
        version: 18.2.0
packages:
  react@18.2.0:
    resolution:
      integrity: sha512-react
